
Microsoft Visual Studio Solution File, Format Version 12.00
# Visual Studio Version 17
VisualStudioVersion = 17.4.33213.308
MinimumVisualStudioVersion = 10.0.40219.1
Project("{9A19103F-16F7-4668-BE54-9A1E7A4F7556}") = "TrackerLibrary", "TrackerLibrary\TrackerLibrary.csproj", "{B131F69C-F492-487E-9117-9AA501F8124B}"
EndProject
Project("{FAE04EC0-301F-11D3-BF4B-00C04F79EFBC}") = "TrackerUI", "TrackerUI\TrackerUI.csproj", "{83F8838A-9307-478B-8A54-0D4B13EADC6D}"
EndProject
Global
	GlobalSection(SolutionConfigurationPlatforms) = preSolution
		Debug|Any CPU = Debug|Any CPU
		Release|Any CPU = Release|Any CPU
	EndGlobalSection
	GlobalSection(ProjectConfigurationPlatforms) = postSolution
		{B131F69C-F492-487E-9117-9AA501F8124B}.Debug|Any CPU.ActiveCfg = Debug|Any CPU
		{B131F69C-F492-487E-9117-9AA501F8124B}.Debug|Any CPU.Build.0 = Debug|Any CPU
		{B131F69C-F492-487E-9117-9AA501F8124B}.Release|Any CPU.ActiveCfg = Release|Any CPU
		{B131F69C-F492-487E-9117-9AA501F8124B}.Release|Any CPU.Build.0 = Release|Any CPU
		{83F8838A-9307-478B-8A54-0D4B13EADC6D}.Debug|Any CPU.ActiveCfg = Debug|Any CPU
		{83F8838A-9307-478B-8A54-0D4B13EADC6D}.Debug|Any CPU.Build.0 = Debug|Any CPU
		{83F8838A-9307-478B-8A54-0D4B13EADC6D}.Release|Any CPU.ActiveCfg = Release|Any CPU
		{83F8838A-9307-478B-8A54-0D4B13EADC6D}.Release|Any CPU.Build.0 = Release|Any CPU
	EndGlobalSection
	GlobalSection(SolutionProperties) = preSolution
		HideSolutionNode = FALSE
	EndGlobalSection
	GlobalSection(ExtensibilityGlobals) = postSolution
		SolutionGuid = {ADBAA38A-0732-4B36-901D-828AA2872AAA}
	EndGlobalSection
EndGlobal
